// !$*UTF8*$!
{
	archiveVersion = 1;
	classes = {
	};
	objectVersion = 55;
	objects = {

/* Begin PBXBuildFile section */
		CEFC8D9027FFB560004FDF5C /* main.cpp in Sources */ = {isa = PBXBuildFile; fileRef = CEFC8D8F27FFB560004FDF5C /* main.cpp */; };
		CEFC8D9927FFD8C3004FDF5C /* memorymanager.cpp in Sources */ = {isa = PBXBuildFile; fileRef = CEFC8D9727FFD8C3004FDF5C /* memorymanager.cpp */; };
		CEFC8D9E27FFD92B004FDF5C /* wordlist.cpp in Sources */ = {isa = PBXBuildFile; fileRef = CEFC8D9D27FFD92B004FDF5C /* wordlist.cpp */; };
/* End PBXBuildFile section */

/* Begin PBXCopyFilesBuildPhase section */
		CEFC8D8A27FFB560004FDF5C /* CopyFiles */ = {
			isa = PBXCopyFilesBuildPhase;
			buildActionMask = 2147483647;
			dstPath = /usr/share/man/man1/;
			dstSubfolderSpec = 0;
			files = (
			);
			runOnlyForDeploymentPostprocessing = 1;
		};
/* End PBXCopyFilesBuildPhase section */

/* Begin PBXFileReference section */
		CEFC8D8C27FFB560004FDF5C /* Project2 */ = {isa = PBXFileReference; explicitFileType = "compiled.mach-o.executable"; includeInIndex = 0; path = Project2; sourceTree = BUILT_PRODUCTS_DIR; };
		CEFC8D8F27FFB560004FDF5C /* main.cpp */ = {isa = PBXFileReference; lastKnownFileType = sourcecode.cpp.cpp; path = main.cpp; sourceTree = "<group>"; };
		CEFC8D9627FFD811004FDF5C /* debugmem.h */ = {isa = PBXFileReference; lastKnownFileType = sourcecode.c.h; path = debugmem.h; sourceTree = SOURCE_ROOT; };
		CEFC8D9727FFD8C3004FDF5C /* memorymanager.cpp */ = {isa = PBXFileReference; lastKnownFileType = sourcecode.cpp.cpp; path = memorymanager.cpp; sourceTree = SOURCE_ROOT; };
		CEFC8D9A27FFD8EB004FDF5C /* memorymanager.h */ = {isa = PBXFileReference; lastKnownFileType = sourcecode.c.h; path = memorymanager.h; sourceTree = SOURCE_ROOT; };
		CEFC8D9B27FFD903004FDF5C /* studentinfo.h */ = {isa = PBXFileReference; lastKnownFileType = sourcecode.c.h; path = studentinfo.h; sourceTree = SOURCE_ROOT; };
		CEFC8D9C27FFD917004FDF5C /* wordlist.h */ = {isa = PBXFileReference; lastKnownFileType = sourcecode.c.h; path = wordlist.h; sourceTree = SOURCE_ROOT; };
		CEFC8D9D27FFD92B004FDF5C /* wordlist.cpp */ = {isa = PBXFileReference; lastKnownFileType = sourcecode.cpp.cpp; path = wordlist.cpp; sourceTree = SOURCE_ROOT; };
/* End PBXFileReference section */

/* Begin PBXFrameworksBuildPhase section */
		CEFC8D8927FFB560004FDF5C /* Frameworks */ = {
			isa = PBXFrameworksBuildPhase;
			buildActionMask = 2147483647;
			files = (
			);
			runOnlyForDeploymentPostprocessing = 0;
		};
/* End PBXFrameworksBuildPhase section */

/* Begin PBXGroup section */
		CEFC8D8327FFB560004FDF5C = {
			isa = PBXGroup;
			children = (
				CEFC8D8E27FFB560004FDF5C /* Project2 */,
				CEFC8D8D27FFB560004FDF5C /* Products */,
			);
			sourceTree = "<group>";
		};
		CEFC8D8D27FFB560004FDF5C /* Products */ = {
			isa = PBXGroup;
			children = (
				CEFC8D8C27FFB560004FDF5C /* Project2 */,
			);
			name = Products;
			sourceTree = "<group>";
		};
		CEFC8D8E27FFB560004FDF5C /* Project2 */ = {
			isa = PBXGroup;
			children = (
				CEFC8D9D27FFD92B004FDF5C /* wordlist.cpp */,
				CEFC8D9C27FFD917004FDF5C /* wordlist.h */,
				CEFC8D9B27FFD903004FDF5C /* studentinfo.h */,
				CEFC8D9A27FFD8EB004FDF5C /* memorymanager.h */,
				CEFC8D9727FFD8C3004FDF5C /* memorymanager.cpp */,
				CEFC8D9627FFD811004FDF5C /* debugmem.h */,
				CEFC8D8F27FFB560004FDF5C /* main.cpp */,
			);
			path = Project2;
			sourceTree = "<group>";
		};
/* End PBXGroup section */

/* Begin PBXNativeTarget section */
		CEFC8D8B27FFB560004FDF5C /* Project2 */ = {
			isa = PBXNativeTarget;
			buildConfigurationList = CEFC8D9327FFB560004FDF5C /* Build configuration list for PBXNativeTarget "Project2" */;
			buildPhases = (
				CEFC8D8827FFB560004FDF5C /* Sources */,
				CEFC8D8927FFB560004FDF5C /* Frameworks */,
				CEFC8D8A27FFB560004FDF5C /* CopyFiles */,
			);
			buildRules = (
			);
			dependencies = (
			);
			name = Project2;
			productName = Project2;
			productReference = CEFC8D8C27FFB560004FDF5C /* Project2 */;
			productType = "com.apple.product-type.tool";
		};
/* End PBXNativeTarget section */

/* Begin PBXProject section */
		CEFC8D8427FFB560004FDF5C /* Project object */ = {
			isa = PBXProject;
			attributes = {
				BuildIndependentTargetsInParallel = 1;
				LastUpgradeCheck = 1330;
				TargetAttributes = {
					CEFC8D8B27FFB560004FDF5C = {
						CreatedOnToolsVersion = 13.3;
					};
				};
			};
			buildConfigurationList = CEFC8D8727FFB560004FDF5C /* Build configuration list for PBXProject "Project2" */;
			compatibilityVersion = "Xcode 13.0";
			developmentRegion = en;
			hasScannedForEncodings = 0;
			knownRegions = (
				en,
				Base,
			);
			mainGroup = CEFC8D8327FFB560004FDF5C;
			productRefGroup = CEFC8D8D27FFB560004FDF5C /* Products */;
			projectDirPath = "";
			projectRoot = "";
			targets = (
				CEFC8D8B27FFB560004FDF5C /* Project2 */,
			);
		};
/* End PBXProject section */

/* Begin PBXSourcesBuildPhase section */
		CEFC8D8827FFB560004FDF5C /* Sources */ = {
			isa = PBXSourcesBuildPhase;
			buildActionMask = 2147483647;
			files = (
				CEFC8D9927FFD8C3004FDF5C /* memorymanager.cpp in Sources */,
				CEFC8D9027FFB560004FDF5C /* main.cpp in Sources */,
				CEFC8D9E27FFD92B004FDF5C /* wordlist.cpp in Sources */,
			);
			runOnlyForDeploymentPostprocessing = 0;
		};
/* End PBXSourcesBuildPhase section */

/* Begin XCBuildConfiguration section */
		CEFC8D9127FFB560004FDF5C /* Debug */ = {
			isa = XCBuildConfiguration;
			buildSettings = {
				ALWAYS_SEARCH_USER_PATHS = NO;
				CLANG_ANALYZER_NONNULL = YES;
				CLANG_ANALYZER_NUMBER_OBJECT_CONVERSION = YES_AGGRESSIVE;
				CLANG_CXX_LANGUAGE_STANDARD = "gnu++17";
				CLANG_ENABLE_MODULES = YES;
				CLANG_ENABLE_OBJC_ARC = YES;
				CLANG_ENABLE_OBJC_WEAK = YES;
				CLANG_WARN_BLOCK_CAPTURE_AUTORELEASING = YES;
				CLANG_WARN_BOOL_CONVERSION = YES;
				CLANG_WARN_COMMA = YES;
				CLANG_WARN_CONSTANT_CONVERSION = YES;
				CLANG_WARN_DEPRECATED_OBJC_IMPLEMENTATIONS = YES;
				CLANG_WARN_DIRECT_OBJC_ISA_USAGE = YES_ERROR;
				CLANG_WARN_DOCUMENTATION_COMMENTS = YES;
				CLANG_WARN_EMPTY_BODY = YES;
				CLANG_WARN_ENUM_CONVERSION = YES;
				CLANG_WARN_INFINITE_RECURSION = YES;
				CLANG_WARN_INT_CONVERSION = YES;
				CLANG_WARN_NON_LITERAL_NULL_CONVERSION = YES;
				CLANG_WARN_OBJC_IMPLICIT_RETAIN_SELF = YES;
				CLANG_WARN_OBJC_LITERAL_CONVERSION = YES;
				CLANG_WARN_OBJC_ROOT_CLASS = YES_ERROR;
				CLANG_WARN_QUOTED_INCLUDE_IN_FRAMEWORK_HEADER = YES;
				CLANG_WARN_RANGE_LOOP_ANALYSIS = YES;
				CLANG_WARN_STRICT_PROTOTYPES = YES;
				CLANG_WARN_SUSPICIOUS_MOVE = YES;
				CLANG_WARN_UNGUARDED_AVAILABILITY = YES_AGGRESSIVE;
				CLANG_WARN_UNREACHABLE_CODE = YES;
				CLANG_WARN__DUPLICATE_METHOD_MATCH = YES;
				COPY_PHASE_STRIP = NO;
				DEBUG_INFORMATION_FORMAT = dwarf;
				ENABLE_STRICT_OBJC_MSGSEND = YES;
				ENABLE_TESTABILITY = YES;
				GCC_C_LANGUAGE_STANDARD = gnu11;
				GCC_DYNAMIC_NO_PIC = NO;
				GCC_NO_COMMON_BLOCKS = YES;
				GCC_OPTIMIZATION_LEVEL = 0;
				GCC_PREPROCESSOR_DEFINITIONS = (
					"DEBUG=1",
					"$(inherited)",
				);
				GCC_WARN_64_TO_32_BIT_CONVERSION = YES;
				GCC_WARN_ABOUT_RETURN_TYPE = YES_ERROR;
				GCC_WARN_UNDECLARED_SELECTOR = YES;
				GCC_WARN_UNINITIALIZED_AUTOS = YES_AGGRESSIVE;
				GCC_WARN_UNUSED_FUNCTION = YES;
				GCC_WARN_UNUSED_VARIABLE = YES;
				MACOSX_DEPLOYMENT_TARGET = 12.3;
				MTL_ENABLE_DEBUG_INFO = INCLUDE_SOURCE;
				MTL_FAST_MATH = YES;
				ONLY_ACTIVE_ARCH = YES;
				SDKROOT = macosx;
			};
			name = Debug;
		};
		CEFC8D9227FFB560004FDF5C /* Release */ = {
			isa = XCBuildConfiguration;
			buildSettings = {
				ALWAYS_SEARCH_USER_PATHS = NO;
				CLANG_ANALYZER_NONNULL = YES;
				CLANG_ANALYZER_NUMBER_OBJECT_CONVERSION = YES_AGGRESSIVE;
				CLANG_CXX_LANGUAGE_STANDARD = "gnu++17";
				CLANG_ENABLE_MODULES = YES;
				CLANG_ENABLE_OBJC_ARC = YES;
				CLANG_ENABLE_OBJC_WEAK = YES;
				CLANG_WARN_BLOCK_CAPTURE_AUTORELEASING = YES;
				CLANG_WARN_BOOL_CONVERSION = YES;
				CLANG_WARN_COMMA = YES;
				CLANG_WARN_CONSTANT_CONVERSION = YES;
				CLANG_WARN_DEPRECATED_OBJC_IMPLEMENTATIONS = YES;
				CLANG_WARN_DIRECT_OBJC_ISA_USAGE = YES_ERROR;
				CLANG_WARN_DOCUMENTATION_COMMENTS = YES;
				CLANG_WARN_EMPTY_BODY = YES;
				CLANG_WARN_ENUM_CONVERSION = YES;
				CLANG_WARN_INFINITE_RECURSION = YES;
				CLANG_WARN_INT_CONVERSION = YES;
				CLANG_WARN_NON_LITERAL_NULL_CONVERSION = YES;
				CLANG_WARN_OBJC_IMPLICIT_RETAIN_SELF = YES;
				CLANG_WARN_OBJC_LITERAL_CONVERSION = YES;
				CLANG_WARN_OBJC_ROOT_CLASS = YES_ERROR;
				CLANG_WARN_QUOTED_INCLUDE_IN_FRAMEWORK_HEADER = YES;
				CLANG_WARN_RANGE_LOOP_ANALYSIS = YES;
				CLANG_WARN_STRICT_PROTOTYPES = YES;
				CLANG_WARN_SUSPICIOUS_MOVE = YES;
				CLANG_WARN_UNGUARDED_AVAILABILITY = YES_AGGRESSIVE;
				CLANG_WARN_UNREACHABLE_CODE = YES;
				CLANG_WARN__DUPLICATE_METHOD_MATCH = YES;
				COPY_PHASE_STRIP = NO;
				DEBUG_INFORMATION_FORMAT = "dwarf-with-dsym";
				ENABLE_NS_ASSERTIONS = NO;
				ENABLE_STRICT_OBJC_MSGSEND = YES;
				GCC_C_LANGUAGE_STANDARD = gnu11;
				GCC_NO_COMMON_BLOCKS = YES;
				GCC_WARN_64_TO_32_BIT_CONVERSION = YES;
				GCC_WARN_ABOUT_RETURN_TYPE = YES_ERROR;
				GCC_WARN_UNDECLARED_SELECTOR = YES;
				GCC_WARN_UNINITIALIZED_AUTOS = YES_AGGRESSIVE;
				GCC_WARN_UNUSED_FUNCTION = YES;
				GCC_WARN_UNUSED_VARIABLE = YES;
				MACOSX_DEPLOYMENT_TARGET = 12.3;
				MTL_ENABLE_DEBUG_INFO = NO;
				MTL_FAST_MATH = YES;
				SDKROOT = macosx;
			};
			name = Release;
		};
		CEFC8D9427FFB560004FDF5C /* Debug */ = {
			isa = XCBuildConfiguration;
			buildSettings = {
				CODE_SIGN_STYLE = Automatic;
				DEVELOPMENT_TEAM = S2UPUYF3KU;
				ENABLE_HARDENED_RUNTIME = YES;
				PRODUCT_NAME = "$(TARGET_NAME)";
			};
			name = Debug;
		};
		CEFC8D9527FFB560004FDF5C /* Release */ = {
			isa = XCBuildConfiguration;
			buildSettings = {
				CODE_SIGN_STYLE = Automatic;
				DEVELOPMENT_TEAM = S2UPUYF3KU;
				ENABLE_HARDENED_RUNTIME = YES;
				PRODUCT_NAME = "$(TARGET_NAME)";
			};
			name = Release;
		};
/* End XCBuildConfiguration section */

/* Begin XCConfigurationList section */
		CEFC8D8727FFB560004FDF5C /* Build configuration list for PBXProject "Project2" */ = {
			isa = XCConfigurationList;
			buildConfigurations = (
				CEFC8D9127FFB560004FDF5C /* Debug */,
				CEFC8D9227FFB560004FDF5C /* Release */,
			);
			defaultConfigurationIsVisible = 0;
			defaultConfigurationName = Release;
		};
		CEFC8D9327FFB560004FDF5C /* Build configuration list for PBXNativeTarget "Project2" */ = {
			isa = XCConfigurationList;
			buildConfigurations = (
				CEFC8D9427FFB560004FDF5C /* Debug */,
				CEFC8D9527FFB560004FDF5C /* Release */,
			);
			defaultConfigurationIsVisible = 0;
			defaultConfigurationName = Release;
		};
/* End XCConfigurationList section */
	};
	rootObject = CEFC8D8427FFB560004FDF5C /* Project object */;
}
